
Microsoft Visual Studio Solution File, Format Version 12.00
# Visual Studio Version 17
VisualStudioVersion = 17.10.35004.147
MinimumVisualStudioVersion = 10.0.40219.1
Project("{9A19103F-16F7-4668-BE54-9A1E7A4F7556}") = "ConsoleAppTestLeetCode", "ConsoleAppTestLeetCode\ConsoleAppTestLeetCode.csproj", "{A625B423-5FDD-417F-8416-54762136A290}"
EndProject
Project("{9A19103F-16F7-4668-BE54-9A1E7A4F7556}") = "TwoSum", "TwoSum\TwoSum.csproj", "{7FEBDDBF-6A62-4FE3-965C-6C5630295DF0}"
EndProject
Project("{8BC9CEB8-8B4A-11D0-8D11-00A0C91BC942}") = "TwoSumCPP", "TwoSumCPP\TwoSumCPP.vcxproj", "{D1E3B39D-94B3-4ABC-BBFB-DC5D0E5161F7}"
EndProject
Project("{9A19103F-16F7-4668-BE54-9A1E7A4F7556}") = "RemoveDuplicateSortedArray", "RemoveDuplicateSortedArray\RemoveDuplicateSortedArray.csproj", "{15DE0572-0E2C-46EC-9FDF-F61B03298059}"
EndProject
Project("{8BC9CEB8-8B4A-11D0-8D11-00A0C91BC942}") = "TestCode", "TestCode\TestCode.vcxproj", "{0E9E7293-83FC-4B5B-9354-99E37C102F9D}"
EndProject
Project("{9A19103F-16F7-4668-BE54-9A1E7A4F7556}") = "RomanNumeral", "RomanNumeral\RomanNumeral.csproj", "{024A6409-EAEA-4036-A412-0837F75C3E35}"
EndProject
Project("{9A19103F-16F7-4668-BE54-9A1E7A4F7556}") = "MergeSortedArray", "MergeSortedArray\MergeSortedArray.csproj", "{A90383F7-8869-49A2-91CB-EF0274CD0C19}"
EndProject
Project("{FAE04EC0-301F-11D3-BF4B-00C04F79EFBC}") = "Utility", "Utility\Utility.csproj", "{9637A4B1-1553-4132-A635-25FF3D3CC42C}"
EndProject
Global
	GlobalSection(SolutionConfigurationPlatforms) = preSolution
		Debug|Any CPU = Debug|Any CPU
		Debug|x64 = Debug|x64
		Debug|x86 = Debug|x86
		Release|Any CPU = Release|Any CPU
		Release|x64 = Release|x64
		Release|x86 = Release|x86
	EndGlobalSection
	GlobalSection(ProjectConfigurationPlatforms) = postSolution
		{A625B423-5FDD-417F-8416-54762136A290}.Debug|Any CPU.ActiveCfg = Debug|Any CPU
		{A625B423-5FDD-417F-8416-54762136A290}.Debug|Any CPU.Build.0 = Debug|Any CPU
		{A625B423-5FDD-417F-8416-54762136A290}.Debug|x64.ActiveCfg = Debug|Any CPU
		{A625B423-5FDD-417F-8416-54762136A290}.Debug|x64.Build.0 = Debug|Any CPU
		{A625B423-5FDD-417F-8416-54762136A290}.Debug|x86.ActiveCfg = Debug|Any CPU
		{A625B423-5FDD-417F-8416-54762136A290}.Debug|x86.Build.0 = Debug|Any CPU
		{A625B423-5FDD-417F-8416-54762136A290}.Release|Any CPU.ActiveCfg = Release|Any CPU
		{A625B423-5FDD-417F-8416-54762136A290}.Release|Any CPU.Build.0 = Release|Any CPU
		{A625B423-5FDD-417F-8416-54762136A290}.Release|x64.ActiveCfg = Release|Any CPU
		{A625B423-5FDD-417F-8416-54762136A290}.Release|x64.Build.0 = Release|Any CPU
		{A625B423-5FDD-417F-8416-54762136A290}.Release|x86.ActiveCfg = Release|Any CPU
		{A625B423-5FDD-417F-8416-54762136A290}.Release|x86.Build.0 = Release|Any CPU
		{7FEBDDBF-6A62-4FE3-965C-6C5630295DF0}.Debug|Any CPU.ActiveCfg = Debug|Any CPU
		{7FEBDDBF-6A62-4FE3-965C-6C5630295DF0}.Debug|Any CPU.Build.0 = Debug|Any CPU
		{7FEBDDBF-6A62-4FE3-965C-6C5630295DF0}.Debug|x64.ActiveCfg = Debug|Any CPU
		{7FEBDDBF-6A62-4FE3-965C-6C5630295DF0}.Debug|x64.Build.0 = Debug|Any CPU
		{7FEBDDBF-6A62-4FE3-965C-6C5630295DF0}.Debug|x86.ActiveCfg = Debug|Any CPU
		{7FEBDDBF-6A62-4FE3-965C-6C5630295DF0}.Debug|x86.Build.0 = Debug|Any CPU
		{7FEBDDBF-6A62-4FE3-965C-6C5630295DF0}.Release|Any CPU.ActiveCfg = Release|Any CPU
		{7FEBDDBF-6A62-4FE3-965C-6C5630295DF0}.Release|Any CPU.Build.0 = Release|Any CPU
		{7FEBDDBF-6A62-4FE3-965C-6C5630295DF0}.Release|x64.ActiveCfg = Release|Any CPU
		{7FEBDDBF-6A62-4FE3-965C-6C5630295DF0}.Release|x64.Build.0 = Release|Any CPU
		{7FEBDDBF-6A62-4FE3-965C-6C5630295DF0}.Release|x86.ActiveCfg = Release|Any CPU
		{7FEBDDBF-6A62-4FE3-965C-6C5630295DF0}.Release|x86.Build.0 = Release|Any CPU
		{D1E3B39D-94B3-4ABC-BBFB-DC5D0E5161F7}.Debug|Any CPU.ActiveCfg = Debug|x64
		{D1E3B39D-94B3-4ABC-BBFB-DC5D0E5161F7}.Debug|Any CPU.Build.0 = Debug|x64
		{D1E3B39D-94B3-4ABC-BBFB-DC5D0E5161F7}.Debug|x64.ActiveCfg = Debug|x64
		{D1E3B39D-94B3-4ABC-BBFB-DC5D0E5161F7}.Debug|x64.Build.0 = Debug|x64
		{D1E3B39D-94B3-4ABC-BBFB-DC5D0E5161F7}.Debug|x86.ActiveCfg = Debug|Win32
		{D1E3B39D-94B3-4ABC-BBFB-DC5D0E5161F7}.Debug|x86.Build.0 = Debug|Win32
		{D1E3B39D-94B3-4ABC-BBFB-DC5D0E5161F7}.Release|Any CPU.ActiveCfg = Release|x64
		{D1E3B39D-94B3-4ABC-BBFB-DC5D0E5161F7}.Release|Any CPU.Build.0 = Release|x64
		{D1E3B39D-94B3-4ABC-BBFB-DC5D0E5161F7}.Release|x64.ActiveCfg = Release|x64
		{D1E3B39D-94B3-4ABC-BBFB-DC5D0E5161F7}.Release|x64.Build.0 = Release|x64
		{D1E3B39D-94B3-4ABC-BBFB-DC5D0E5161F7}.Release|x86.ActiveCfg = Release|Win32
		{D1E3B39D-94B3-4ABC-BBFB-DC5D0E5161F7}.Release|x86.Build.0 = Release|Win32
		{15DE0572-0E2C-46EC-9FDF-F61B03298059}.Debug|Any CPU.ActiveCfg = Debug|Any CPU
		{15DE0572-0E2C-46EC-9FDF-F61B03298059}.Debug|Any CPU.Build.0 = Debug|Any CPU
		{15DE0572-0E2C-46EC-9FDF-F61B03298059}.Debug|x64.ActiveCfg = Debug|Any CPU
		{15DE0572-0E2C-46EC-9FDF-F61B03298059}.Debug|x64.Build.0 = Debug|Any CPU
		{15DE0572-0E2C-46EC-9FDF-F61B03298059}.Debug|x86.ActiveCfg = Debug|Any CPU
		{15DE0572-0E2C-46EC-9FDF-F61B03298059}.Debug|x86.Build.0 = Debug|Any CPU
		{15DE0572-0E2C-46EC-9FDF-F61B03298059}.Release|Any CPU.ActiveCfg = Release|Any CPU
		{15DE0572-0E2C-46EC-9FDF-F61B03298059}.Release|Any CPU.Build.0 = Release|Any CPU
		{15DE0572-0E2C-46EC-9FDF-F61B03298059}.Release|x64.ActiveCfg = Release|Any CPU
		{15DE0572-0E2C-46EC-9FDF-F61B03298059}.Release|x64.Build.0 = Release|Any CPU
		{15DE0572-0E2C-46EC-9FDF-F61B03298059}.Release|x86.ActiveCfg = Release|Any CPU
		{15DE0572-0E2C-46EC-9FDF-F61B03298059}.Release|x86.Build.0 = Release|Any CPU
		{0E9E7293-83FC-4B5B-9354-99E37C102F9D}.Debug|Any CPU.ActiveCfg = Debug|x64
		{0E9E7293-83FC-4B5B-9354-99E37C102F9D}.Debug|Any CPU.Build.0 = Debug|x64
		{0E9E7293-83FC-4B5B-9354-99E37C102F9D}.Debug|x64.ActiveCfg = Debug|x64
		{0E9E7293-83FC-4B5B-9354-99E37C102F9D}.Debug|x64.Build.0 = Debug|x64
		{0E9E7293-83FC-4B5B-9354-99E37C102F9D}.Debug|x86.ActiveCfg = Debug|Win32
		{0E9E7293-83FC-4B5B-9354-99E37C102F9D}.Debug|x86.Build.0 = Debug|Win32
		{0E9E7293-83FC-4B5B-9354-99E37C102F9D}.Release|Any CPU.ActiveCfg = Release|x64
		{0E9E7293-83FC-4B5B-9354-99E37C102F9D}.Release|Any CPU.Build.0 = Release|x64
		{0E9E7293-83FC-4B5B-9354-99E37C102F9D}.Release|x64.ActiveCfg = Release|x64
		{0E9E7293-83FC-4B5B-9354-99E37C102F9D}.Release|x64.Build.0 = Release|x64
		{0E9E7293-83FC-4B5B-9354-99E37C102F9D}.Release|x86.ActiveCfg = Release|Win32
		{0E9E7293-83FC-4B5B-9354-99E37C102F9D}.Release|x86.Build.0 = Release|Win32
		{024A6409-EAEA-4036-A412-0837F75C3E35}.Debug|Any CPU.ActiveCfg = Debug|Any CPU
		{024A6409-EAEA-4036-A412-0837F75C3E35}.Debug|Any CPU.Build.0 = Debug|Any CPU
		{024A6409-EAEA-4036-A412-0837F75C3E35}.Debug|x64.ActiveCfg = Debug|Any CPU
		{024A6409-EAEA-4036-A412-0837F75C3E35}.Debug|x64.Build.0 = Debug|Any CPU
		{024A6409-EAEA-4036-A412-0837F75C3E35}.Debug|x86.ActiveCfg = Debug|Any CPU
		{024A6409-EAEA-4036-A412-0837F75C3E35}.Debug|x86.Build.0 = Debug|Any CPU
		{024A6409-EAEA-4036-A412-0837F75C3E35}.Release|Any CPU.ActiveCfg = Release|Any CPU
		{024A6409-EAEA-4036-A412-0837F75C3E35}.Release|Any CPU.Build.0 = Release|Any CPU
		{024A6409-EAEA-4036-A412-0837F75C3E35}.Release|x64.ActiveCfg = Release|Any CPU
		{024A6409-EAEA-4036-A412-0837F75C3E35}.Release|x64.Build.0 = Release|Any CPU
		{024A6409-EAEA-4036-A412-0837F75C3E35}.Release|x86.ActiveCfg = Release|Any CPU
		{024A6409-EAEA-4036-A412-0837F75C3E35}.Release|x86.Build.0 = Release|Any CPU
		{A90383F7-8869-49A2-91CB-EF0274CD0C19}.Debug|Any CPU.ActiveCfg = Debug|Any CPU
		{A90383F7-8869-49A2-91CB-EF0274CD0C19}.Debug|Any CPU.Build.0 = Debug|Any CPU
		{A90383F7-8869-49A2-91CB-EF0274CD0C19}.Debug|x64.ActiveCfg = Debug|Any CPU
		{A90383F7-8869-49A2-91CB-EF0274CD0C19}.Debug|x64.Build.0 = Debug|Any CPU
		{A90383F7-8869-49A2-91CB-EF0274CD0C19}.Debug|x86.ActiveCfg = Debug|Any CPU
		{A90383F7-8869-49A2-91CB-EF0274CD0C19}.Debug|x86.Build.0 = Debug|Any CPU
		{A90383F7-8869-49A2-91CB-EF0274CD0C19}.Release|Any CPU.ActiveCfg = Release|Any CPU
		{A90383F7-8869-49A2-91CB-EF0274CD0C19}.Release|Any CPU.Build.0 = Release|Any CPU
		{A90383F7-8869-49A2-91CB-EF0274CD0C19}.Release|x64.ActiveCfg = Release|Any CPU
		{A90383F7-8869-49A2-91CB-EF0274CD0C19}.Release|x64.Build.0 = Release|Any CPU
		{A90383F7-8869-49A2-91CB-EF0274CD0C19}.Release|x86.ActiveCfg = Release|Any CPU
		{A90383F7-8869-49A2-91CB-EF0274CD0C19}.Release|x86.Build.0 = Release|Any CPU
		{9637A4B1-1553-4132-A635-25FF3D3CC42C}.Debug|Any CPU.ActiveCfg = Debug|Any CPU
		{9637A4B1-1553-4132-A635-25FF3D3CC42C}.Debug|Any CPU.Build.0 = Debug|Any CPU
		{9637A4B1-1553-4132-A635-25FF3D3CC42C}.Debug|x64.ActiveCfg = Debug|Any CPU
		{9637A4B1-1553-4132-A635-25FF3D3CC42C}.Debug|x64.Build.0 = Debug|Any CPU
		{9637A4B1-1553-4132-A635-25FF3D3CC42C}.Debug|x86.ActiveCfg = Debug|Any CPU
		{9637A4B1-1553-4132-A635-25FF3D3CC42C}.Debug|x86.Build.0 = Debug|Any CPU
		{9637A4B1-1553-4132-A635-25FF3D3CC42C}.Release|Any CPU.ActiveCfg = Release|Any CPU
		{9637A4B1-1553-4132-A635-25FF3D3CC42C}.Release|Any CPU.Build.0 = Release|Any CPU
		{9637A4B1-1553-4132-A635-25FF3D3CC42C}.Release|x64.ActiveCfg = Release|Any CPU
		{9637A4B1-1553-4132-A635-25FF3D3CC42C}.Release|x64.Build.0 = Release|Any CPU
		{9637A4B1-1553-4132-A635-25FF3D3CC42C}.Release|x86.ActiveCfg = Release|Any CPU
		{9637A4B1-1553-4132-A635-25FF3D3CC42C}.Release|x86.Build.0 = Release|Any CPU
	EndGlobalSection
	GlobalSection(SolutionProperties) = preSolution
		HideSolutionNode = FALSE
	EndGlobalSection
	GlobalSection(ExtensibilityGlobals) = postSolution
		SolutionGuid = {68BB5EEE-8E61-4592-8C3C-6DB09AB57C94}
	EndGlobalSection
EndGlobal
